
Microsoft Visual Studio Solution File, Format Version 12.00
# Visual Studio Version 16
VisualStudioVersion = 16.0.30717.126
MinimumVisualStudioVersion = 10.0.40219.1
Project("{FAE04EC0-301F-11D3-BF4B-00C04F79EFBC}") = "CompareDoubleAndFloat", "CompareDoubleAndFloat.csproj", "{C809FD3E-2720-4B42-89E1-A498E4A38BF7}"
EndProject
Global
	GlobalSection(SolutionConfigurationPlatforms) = preSolution
		Debug|Any CPU = Debug|Any CPU
		Release|Any CPU = Release|Any CPU
	EndGlobalSection
	GlobalSection(ProjectConfigurationPlatforms) = postSolution
		{C809FD3E-2720-4B42-89E1-A498E4A38BF7}.Debug|Any CPU.ActiveCfg = Debug|Any CPU
		{C809FD3E-2720-4B42-89E1-A498E4A38BF7}.Debug|Any CPU.Build.0 = Debug|Any CPU
		{C809FD3E-2720-4B42-89E1-A498E4A38BF7}.Release|Any CPU.ActiveCfg = Release|Any CPU
		{C809FD3E-2720-4B42-89E1-A498E4A38BF7}.Release|Any CPU.Build.0 = Release|Any CPU
	EndGlobalSection
	GlobalSection(SolutionProperties) = preSolution
		HideSolutionNode = FALSE
	EndGlobalSection
	GlobalSection(ExtensibilityGlobals) = postSolution
		SolutionGuid = {D4AB9F98-8352-4580-85A2-7C62429D4734}
	EndGlobalSection
EndGlobal
